
Microsoft Visual Studio Solution File, Format Version 12.00
# Visual Studio Version 17
VisualStudioVersion = 17.0.31903.59
MinimumVisualStudioVersion = 10.0.40219.1
Project("{FAE04EC0-301F-11D3-BF4B-00C04F79EFBC}") = "IntCollections", "IntCollections\IntCollections.csproj", "{C8C1DA23-06F0-48C2-9584-C041A0EC5991}"
EndProject
Project("{FAE04EC0-301F-11D3-BF4B-00C04F79EFBC}") = "EqualPlayer", "EqualPlayer\EqualPlayer.csproj", "{C8332A15-0A07-495F-AC83-F78F4F707432}"
EndProject
Project("{FAE04EC0-301F-11D3-BF4B-00C04F79EFBC}") = "FilePower1", "FilePower1\FilePower1.csproj", "{50BEB673-D0F6-4663-A3A9-1CD3F72FA82D}"
EndProject
Global
	GlobalSection(SolutionConfigurationPlatforms) = preSolution
		Debug|Any CPU = Debug|Any CPU
		Release|Any CPU = Release|Any CPU
	EndGlobalSection
	GlobalSection(SolutionProperties) = preSolution
		HideSolutionNode = FALSE
	EndGlobalSection
	GlobalSection(ProjectConfigurationPlatforms) = postSolution
		{C8C1DA23-06F0-48C2-9584-C041A0EC5991}.Debug|Any CPU.ActiveCfg = Debug|Any CPU
		{C8C1DA23-06F0-48C2-9584-C041A0EC5991}.Debug|Any CPU.Build.0 = Debug|Any CPU
		{C8C1DA23-06F0-48C2-9584-C041A0EC5991}.Release|Any CPU.ActiveCfg = Release|Any CPU
		{C8C1DA23-06F0-48C2-9584-C041A0EC5991}.Release|Any CPU.Build.0 = Release|Any CPU
		{C8332A15-0A07-495F-AC83-F78F4F707432}.Debug|Any CPU.ActiveCfg = Debug|Any CPU
		{C8332A15-0A07-495F-AC83-F78F4F707432}.Debug|Any CPU.Build.0 = Debug|Any CPU
		{C8332A15-0A07-495F-AC83-F78F4F707432}.Release|Any CPU.ActiveCfg = Release|Any CPU
		{C8332A15-0A07-495F-AC83-F78F4F707432}.Release|Any CPU.Build.0 = Release|Any CPU
		{50BEB673-D0F6-4663-A3A9-1CD3F72FA82D}.Debug|Any CPU.ActiveCfg = Debug|Any CPU
		{50BEB673-D0F6-4663-A3A9-1CD3F72FA82D}.Debug|Any CPU.Build.0 = Debug|Any CPU
		{50BEB673-D0F6-4663-A3A9-1CD3F72FA82D}.Release|Any CPU.ActiveCfg = Release|Any CPU
		{50BEB673-D0F6-4663-A3A9-1CD3F72FA82D}.Release|Any CPU.Build.0 = Release|Any CPU
	EndGlobalSection
EndGlobal
